{
  "name": "cmit",
  "lockfileVersion": 3,
  "requires": true,
  "packages": {
    "": {
      "dependencies": {
        "framer-motion": "^12.23.12",
        "lucide-react": "^0.536.0",
        "react": "^19.1.1",
        "react-dom": "^19.1.1",
        "react-intersection-observer": "^9.16.0",
        "react-scroll-parallax": "^3.4.5"
      },
      "devDependencies": {
        "@rollup/plugin-alias": "^5.1.1"
      }
    },
    "node_modules/@rollup/plugin-alias": {
      "version": "5.1.1",
      "resolved": "https://registry.npmjs.org/@rollup/plugin-alias/-/plugin-alias-5.1.1.tgz",
      "integrity": "sha512-PR9zDb+rOzkRb2VD+EuKB7UC41vU5DIwZ5qqCpk0KJudcWAyi8rvYOhS7+L5aZCspw1stTViLgN5v6FF1p5cgQ==",
      "dev": true,
      "license": "MIT",
      "engines": {
        "node": ">=14.0.0"
      },
      "peerDependencies": {
        "rollup": "^1.20.0||^2.0.0||^3.0.0||^4.0.0"
      },
      "peerDependenciesMeta": {
        "rollup": {
          "optional": true
        }
      }
    },
    "node_modules/bezier-easing": {
      "version": "2.1.0",
      "resolved": "https://registry.npmjs.org/bezier-easing/-/bezier-easing-2.1.0.tgz",
      "integrity": "sha512-gbIqZ/eslnUFC1tjEvtz0sgx+xTK20wDnYMIA27VA04R7w6xxXQPZDbibjA9DTWZRA2CXtwHykkVzlCaAJAZig==",
      "license": "MIT"
    },
    "node_modules/framer-motion": {
      "version": "12.23.12",
      "resolved": "https://registry.npmjs.org/framer-motion/-/framer-motion-12.23.12.tgz",
      "integrity": "sha512-6e78rdVtnBvlEVgu6eFEAgG9v3wLnYEboM8I5O5EXvfKC8gxGQB8wXJdhkMy10iVcn05jl6CNw7/HTsTCfwcWg==",
      "license": "MIT",
      "dependencies": {
        "motion-dom": "^12.23.12",
        "motion-utils": "^12.23.6",
        "tslib": "^2.4.0"
      },
      "peerDependencies": {
        "@emotion/is-prop-valid": "*",
        "react": "^18.0.0 || ^19.0.0",
        "react-dom": "^18.0.0 || ^19.0.0"
      },
      "peerDependenciesMeta": {
        "@emotion/is-prop-valid": {
          "optional": true
        },
        "react": {
          "optional": true
        },
        "react-dom": {
          "optional": true
        }
      }
    },
    "node_modules/lucide-react": {
      "version": "0.536.0",
      "resolved": "https://registry.npmjs.org/lucide-react/-/lucide-react-0.536.0.tgz",
      "integrity": "sha512-2PgvNa9v+qz4Jt/ni8vPLt4jwoFybXHuubQT8fv4iCW5TjDxkbZjNZZHa485ad73NSEn/jdsEtU57eE1g+ma8A==",
      "license": "ISC",
      "peerDependencies": {
        "react": "^16.5.1 || ^17.0.0 || ^18.0.0 || ^19.0.0"
      }
    },
    "node_modules/motion-dom": {
      "version": "12.23.12",
      "resolved": "https://registry.npmjs.org/motion-dom/-/motion-dom-12.23.12.tgz",
      "integrity": "sha512-RcR4fvMCTESQBD/uKQe49D5RUeDOokkGRmz4ceaJKDBgHYtZtntC/s2vLvY38gqGaytinij/yi3hMcWVcEF5Kw==",
      "license": "MIT",
      "dependencies": {
        "motion-utils": "^12.23.6"
      }
    },
    "node_modules/motion-utils": {
      "version": "12.23.6",
      "resolved": "https://registry.npmjs.org/motion-utils/-/motion-utils-12.23.6.tgz",
      "integrity": "sha512-eAWoPgr4eFEOFfg2WjIsMoqJTW6Z8MTUCgn/GZ3VRpClWBdnbjryiA3ZSNLyxCTmCQx4RmYX6jX1iWHbenUPNQ==",
      "license": "MIT"
    },
    "node_modules/parallax-controller": {
      "version": "1.7.1",
      "resolved": "https://registry.npmjs.org/parallax-controller/-/parallax-controller-1.7.1.tgz",
      "integrity": "sha512-facVMEBnUynzMN7hCSqyNpF6uyCpVIl4XAUyTR9D8q2JlhgyPY6bZtj/OkFk3+Cpka1TnYCppQb8BzDWHtSaZg==",
      "license": "MIT",
      "dependencies": {
        "bezier-easing": "^2.1.0"
      },
      "engines": {
        "node": ">=12"
      }
    },
    "node_modules/react": {
      "version": "19.1.1",
      "resolved": "https://registry.npmjs.org/react/-/react-19.1.1.tgz",
      "integrity": "sha512-w8nqGImo45dmMIfljjMwOGtbmC/mk4CMYhWIicdSflH91J9TyCyczcPFXJzrZ/ZXcgGRFeP6BU0BEJTw6tZdfQ==",
      "license": "MIT",
      "engines": {
        "node": ">=0.10.0"
      }
    },
    "node_modules/react-dom": {
      "version": "19.1.1",
      "resolved": "https://registry.npmjs.org/react-dom/-/react-dom-19.1.1.tgz",
      "integrity": "sha512-Dlq/5LAZgF0Gaz6yiqZCf6VCcZs1ghAJyrsu84Q/GT0gV+mCxbfmKNoGRKBYMJ8IEdGPqu49YWXD02GCknEDkw==",
      "license": "MIT",
      "dependencies": {
        "scheduler": "^0.26.0"
      },
      "peerDependencies": {
        "react": "^19.1.1"
      }
    },
    "node_modules/react-intersection-observer": {
      "version": "9.16.0",
      "resolved": "https://registry.npmjs.org/react-intersection-observer/-/react-intersection-observer-9.16.0.tgz",
      "integrity": "sha512-w9nJSEp+DrW9KmQmeWHQyfaP6b03v+TdXynaoA964Wxt7mdR3An11z4NNCQgL4gKSK7y1ver2Fq+JKH6CWEzUA==",
      "license": "MIT",
      "peerDependencies": {
        "react": "^17.0.0 || ^18.0.0 || ^19.0.0",
        "react-dom": "^17.0.0 || ^18.0.0 || ^19.0.0"
      },
      "peerDependenciesMeta": {
        "react-dom": {
          "optional": true
        }
      }
    },
    "node_modules/react-scroll-parallax": {
      "version": "3.4.5",
      "resolved": "https://registry.npmjs.org/react-scroll-parallax/-/react-scroll-parallax-3.4.5.tgz",
      "integrity": "sha512-4NLZQ8cZEUyxoA95DfrXWneOOUSFrFmpM0dZNzMErmuJ0LzY+CCw8Xw0hqB6xxHWxNknfs46AozyIPSWkZeucA==",
      "license": "MIT",
      "dependencies": {
        "parallax-controller": "^1.7.1"
      },
      "engines": {
        "node": ">=10"
      },
      "peerDependencies": {
        "react": "^16.8.0-0 || >=17.0.1 || ^18.0.0",
        "react-dom": "^16.8.0-0 || >=17.0.1 || ^18.0.0"
      }
    },
    "node_modules/scheduler": {
      "version": "0.26.0",
      "resolved": "https://registry.npmjs.org/scheduler/-/scheduler-0.26.0.tgz",
      "integrity": "sha512-NlHwttCI/l5gCPR3D1nNXtWABUmBwvZpEQiD4IXSbIDq8BzLIK/7Ir5gTFSGZDUu37K5cMNp0hFtzO38sC7gWA==",
      "license": "MIT"
    },
    "node_modules/tslib": {
      "version": "2.8.1",
      "resolved": "https://registry.npmjs.org/tslib/-/tslib-2.8.1.tgz",
      "integrity": "sha512-oJFu94HQb+KVduSUQL7wnpmqnfmLsOA/nAh6b6EH0wCEoK0/mPeXU6c3wKDV83MkOuHPRHtSXKKU99IBazS/2w==",
      "license": "0BSD"
    }
  }
}
